
Microsoft Visual Studio Solution File, Format Version 12.00
Project("{FAE04EC0-301F-11D3-BF4B-00C04F79EFBC}") = "MyBanco", "MyBanco\MyBanco.csproj", "{FBE419B0-C008-442D-98A0-35186FA62F6E}"
EndProject
Global
	GlobalSection(SolutionConfigurationPlatforms) = preSolution
		Debug|Any CPU = Debug|Any CPU
		Release|Any CPU = Release|Any CPU
	EndGlobalSection
	GlobalSection(ProjectConfigurationPlatforms) = postSolution
		{FBE419B0-C008-442D-98A0-35186FA62F6E}.Debug|Any CPU.ActiveCfg = Debug|Any CPU
		{FBE419B0-C008-442D-98A0-35186FA62F6E}.Debug|Any CPU.Build.0 = Debug|Any CPU
		{FBE419B0-C008-442D-98A0-35186FA62F6E}.Release|Any CPU.ActiveCfg = Release|Any CPU
		{FBE419B0-C008-442D-98A0-35186FA62F6E}.Release|Any CPU.Build.0 = Release|Any CPU
	EndGlobalSection
EndGlobal
